<?xml version="1.0" encoding="utf-8"?>
<Project ToolsVersion="4.0" xmlns="http://schemas.microsoft.com/developer/msbuild/2003">
  <ItemGroup>
    <Filter Include="time">
      <UniqueIdentifier>{fe6c30db-95fc-48dc-b155-71a9952a5f88}</UniqueIdentifier>
    </Filter>
    <Filter Include="encode">
      <UniqueIdentifier>{9b00f32e-77c6-4dc3-87f8-3571e615a687}</UniqueIdentifier>
    </Filter>
    <Filter Include="container">
      <UniqueIdentifier>{c7a620a7-a0a6-4fd8-a345-3e075e717a33}</UniqueIdentifier>
    </Filter>
    <Filter Include="thread">
      <UniqueIdentifier>{9bdcc522-17b3-48d6-88bf-04004c47c3d3}</UniqueIdentifier>
    </Filter>
    <Filter Include="guid">
      <UniqueIdentifier>{4f3a182a-e536-4ad1-a596-f2d3c157ea08}</UniqueIdentifier>
    </Filter>
    <Filter Include="timer">
      <UniqueIdentifier>{2e8fbdc7-c6b2-4699-97af-c323da4da3d3}</UniqueIdentifier>
    </Filter>
    <Filter Include="util">
      <UniqueIdentifier>{f7b1f85d-399d-4f6c-8eeb-2270090909a7}</UniqueIdentifier>
    </Filter>
    <Filter Include="math">
      <UniqueIdentifier>{c89811d5-eef7-4303-bc98-7e30be17de89}</UniqueIdentifier>
    </Filter>
    <Filter Include="stream">
      <UniqueIdentifier>{930c1be2-2b89-4e5d-8363-1c6db5f836f3}</UniqueIdentifier>
    </Filter>
    <Filter Include="module">
      <UniqueIdentifier>{284543f7-b438-4873-8e1d-d3617e8ec2a3}</UniqueIdentifier>
    </Filter>
  </ItemGroup>
  <ItemGroup>
    <ClInclude Include="time\timespan.h">
      <Filter>time</Filter>
    </ClInclude>
    <ClInclude Include="encode\base64.h">
      <Filter>encode</Filter>
    </ClInclude>
    <ClInclude Include="time\data_time.h">
      <Filter>time</Filter>
    </ClInclude>
    <ClInclude Include="time\system_time.h">
      <Filter>time</Filter>
    </ClInclude>
    <ClInclude Include="core.h" />
    <ClInclude Include="gsl_assert.h" />
    <ClInclude Include="thread\runnable.h">
      <Filter>thread</Filter>
    </ClInclude>
    <ClInclude Include="thread\runnable_thread.h">
      <Filter>thread</Filter>
    </ClInclude>
    <ClInclude Include="delegate.h" />
    <ClInclude Include="container\dynamic_bitset.h">
      <Filter>container</Filter>
    </ClInclude>
    <ClInclude Include="enum_as_byte.h" />
    <ClInclude Include="container\intrusive_list.h">
      <Filter>container</Filter>
    </ClInclude>
    <ClInclude Include="container\ringbuffer.h">
      <Filter>container</Filter>
    </ClInclude>
    <ClInclude Include="timer\timekeeper.h">
      <Filter>timer</Filter>
    </ClInclude>
    <ClInclude Include="timer\timer.h">
      <Filter>timer</Filter>
    </ClInclude>
    <ClInclude Include="guid\fguid.h">
      <Filter>guid</Filter>
    </ClInclude>
    <ClInclude Include="guid\snowflake.h">
      <Filter>guid</Filter>
    </ClInclude>
    <ClInclude Include="type_traits_ex.h" />
    <ClInclude Include="event_static.h" />
    <ClInclude Include="event_dynamic.h" />
    <ClInclude Include="global_macro.h" />
    <ClInclude Include="container\mpsc_queue.h">
      <Filter>container</Filter>
    </ClInclude>
    <ClInclude Include="util\string_util.h">
      <Filter>util</Filter>
    </ClInclude>
    <ClInclude Include="util\vector_util.h">
      <Filter>util</Filter>
    </ClInclude>
    <ClInclude Include="container\dynamic_buffer.h">
      <Filter>container</Filter>
    </ClInclude>
    <ClInclude Include="math\math_ex.h">
      <Filter>math</Filter>
    </ClInclude>
    <ClInclude Include="thread\thread_pool.hpp">
      <Filter>thread</Filter>
    </ClInclude>
    <ClInclude Include="thread\thread_safe_queue.hpp">
      <Filter>thread</Filter>
    </ClInclude>
    <ClInclude Include="module\module_interface.h">
      <Filter>module</Filter>
    </ClInclude>
    <ClInclude Include="module\self_auto_register.h">
      <Filter>module</Filter>
    </ClInclude>
    <ClInclude Include="module\module_manager.h">
      <Filter>module</Filter>
    </ClInclude>
  </ItemGroup>
  <ItemGroup>
    <ClCompile Include="main.cpp" />
    <ClCompile Include="time\timespan.cpp">
      <Filter>time</Filter>
    </ClCompile>
    <ClCompile Include="encode\base64.cpp">
      <Filter>encode</Filter>
    </ClCompile>
    <ClCompile Include="time\data_time.cpp">
      <Filter>time</Filter>
    </ClCompile>
    <ClCompile Include="thread\runnable_thread.cpp">
      <Filter>thread</Filter>
    </ClCompile>
    <ClCompile Include="container\dynamic_bitset.cpp">
      <Filter>container</Filter>
    </ClCompile>
    <ClCompile Include="container\ringbuffer.cpp">
      <Filter>container</Filter>
    </ClCompile>
    <ClCompile Include="timer\timer.cpp">
      <Filter>timer</Filter>
    </ClCompile>
    <ClCompile Include="guid\fguid.cpp">
      <Filter>guid</Filter>
    </ClCompile>
    <ClCompile Include="guid\snowflake.cpp">
      <Filter>guid</Filter>
    </ClCompile>
    <ClCompile Include="container\dynamic_buffer.cpp" />
    <ClCompile Include="module\module_manager.cpp" />
  </ItemGroup>
</Project>